
Microsoft Visual Studio Solution File, Format Version 12.00
# Visual Studio Version 17
VisualStudioVersion = 17.4.33213.308
MinimumVisualStudioVersion = 10.0.40219.1
Project("{FAE04EC0-301F-11D3-BF4B-00C04F79EFBC}") = "BmiApp", "BmiApp\BmiApp.csproj", "{11EC82DA-3A48-42AE-9655-89BD90E0D641}"
EndProject
Project("{151D2E53-A2C4-4D7D-83FE-D05416EBD58E}") = "BmiAzureResources", "BmiAzureResources\BmiAzureResources.deployproj", "{A6134F07-46E3-4EA4-9444-3FAC8ED8FF8F}"
EndProject
Project("{FAE04EC0-301F-11D3-BF4B-00C04F79EFBC}") = "BmiAppTest", "BmiAppTest\BmiAppTest.csproj", "{B1F479A8-9222-4A78-9F96-ABF2E60C0054}"
EndProject
Global
	GlobalSection(SolutionConfigurationPlatforms) = preSolution
		Debug|Any CPU = Debug|Any CPU
		Release|Any CPU = Release|Any CPU
	EndGlobalSection
	GlobalSection(ProjectConfigurationPlatforms) = postSolution
		{11EC82DA-3A48-42AE-9655-89BD90E0D641}.Debug|Any CPU.ActiveCfg = Debug|Any CPU
		{11EC82DA-3A48-42AE-9655-89BD90E0D641}.Debug|Any CPU.Build.0 = Debug|Any CPU
		{11EC82DA-3A48-42AE-9655-89BD90E0D641}.Release|Any CPU.ActiveCfg = Release|Any CPU
		{11EC82DA-3A48-42AE-9655-89BD90E0D641}.Release|Any CPU.Build.0 = Release|Any CPU
		{A6134F07-46E3-4EA4-9444-3FAC8ED8FF8F}.Debug|Any CPU.ActiveCfg = Debug|Any CPU
		{A6134F07-46E3-4EA4-9444-3FAC8ED8FF8F}.Debug|Any CPU.Build.0 = Debug|Any CPU
		{A6134F07-46E3-4EA4-9444-3FAC8ED8FF8F}.Release|Any CPU.ActiveCfg = Release|Any CPU
		{A6134F07-46E3-4EA4-9444-3FAC8ED8FF8F}.Release|Any CPU.Build.0 = Release|Any CPU
		{B1F479A8-9222-4A78-9F96-ABF2E60C0054}.Debug|Any CPU.ActiveCfg = Debug|Any CPU
		{B1F479A8-9222-4A78-9F96-ABF2E60C0054}.Debug|Any CPU.Build.0 = Debug|Any CPU
		{B1F479A8-9222-4A78-9F96-ABF2E60C0054}.Release|Any CPU.ActiveCfg = Release|Any CPU
		{B1F479A8-9222-4A78-9F96-ABF2E60C0054}.Release|Any CPU.Build.0 = Release|Any CPU
	EndGlobalSection
	GlobalSection(SolutionProperties) = preSolution
		HideSolutionNode = FALSE
	EndGlobalSection
	GlobalSection(ExtensibilityGlobals) = postSolution
		SolutionGuid = {421CC361-A57D-4DB3-88CD-E8DE2EEF9352}
	EndGlobalSection
EndGlobal
